<?xml version="1.0" encoding="utf-8"?>
<Project ToolsVersion="4.0" xmlns="http://schemas.microsoft.com/developer/msbuild/2003">
  <ItemGroup>
    <Filter Include="Core">
      <UniqueIdentifier>{a1000000-0000-4000-8000-000000000001}</UniqueIdentifier>
    </Filter>
    <Filter Include="Render">
      <UniqueIdentifier>{a1000000-0000-4000-8000-000000000002}</UniqueIdentifier>
    </Filter>
    <Filter Include="Hud">
      <UniqueIdentifier>{a1000000-0000-4000-8000-000000000003}</UniqueIdentifier>
    </Filter>
    <Filter Include="Camera">
      <UniqueIdentifier>{a1000000-0000-4000-8000-000000000004}</UniqueIdentifier>
    </Filter>
    <Filter Include="Input">
      <UniqueIdentifier>{a1000000-0000-4000-8000-000000000005}</UniqueIdentifier>
    </Filter>
    <Filter Include="Hands">
      <UniqueIdentifier>{a1000000-0000-4000-8000-000000000006}</UniqueIdentifier>
    </Filter>
    <Filter Include="Game">
      <UniqueIdentifier>{a1000000-0000-4000-8000-000000000007}</UniqueIdentifier>
    </Filter>
    <Filter Include="minhook">
      <UniqueIdentifier>{ad3d38d6-9fe8-47dc-ba2c-bec154405a9b}</UniqueIdentifier>
    </Filter>
  </ItemGroup>
  <ItemGroup>
    <ClCompile Include="Core\dllmain.cpp">
      <Filter>Core</Filter>
    </ClCompile>
    <ClCompile Include="Core\Config.cpp">
      <Filter>Core</Filter>
    </ClCompile>
    <ClCompile Include="Core\Keybinds.cpp">
      <Filter>Core</Filter>
    </ClCompile>
    <ClCompile Include="Render\Hooks.cpp">
      <Filter>Render</Filter>
    </ClCompile>
    <ClCompile Include="Render\XRSession.cpp">
      <Filter>Render</Filter>
    </ClCompile>
    <ClCompile Include="Hud\DrawHook.cpp">
      <Filter>Hud</Filter>
    </ClCompile>
    <ClCompile Include="Camera\CameraHook.cpp">
      <Filter>Camera</Filter>
    </ClCompile>
    <ClCompile Include="Input\InputHook.cpp">
      <Filter>Input</Filter>
    </ClCompile>
    <ClCompile Include="Input\Swing.cpp">
      <Filter>Input</Filter>
    </ClCompile>
    <ClCompile Include="Hands\HandsProbe.cpp">
      <Filter>Hands</Filter>
    </ClCompile>
    <ClCompile Include="Hands\ArmHide.cpp">
      <Filter>Hands</Filter>
    </ClCompile>
    <ClCompile Include="Game\GameState.cpp">
      <Filter>Game</Filter>
    </ClCompile>
    <ClCompile Include="Game\EngineBridge.cpp">
      <Filter>Game</Filter>
    </ClCompile>
    <ClCompile Include="Game\EngineExec.cpp">
      <Filter>Game</Filter>
    </ClCompile>
    <ClCompile Include="Game\GameIni.cpp">
      <Filter>Game</Filter>
    </ClCompile>
    <ClCompile Include="..\third_party\minhook\src\buffer.c">
      <Filter>minhook</Filter>
    </ClCompile>
    <ClCompile Include="..\third_party\minhook\src\hook.c">
      <Filter>minhook</Filter>
    </ClCompile>
    <ClCompile Include="..\third_party\minhook\src\trampoline.c">
      <Filter>minhook</Filter>
    </ClCompile>
    <ClCompile Include="..\third_party\minhook\src\hde\hde32.c">
      <Filter>minhook</Filter>
    </ClCompile>
    <ClCompile Include="..\third_party\minhook\src\hde\hde64.c">
      <Filter>minhook</Filter>
    </ClCompile>
  </ItemGroup>
  <ItemGroup>
    <ClInclude Include="Core\Config.h">
      <Filter>Core</Filter>
    </ClInclude>
    <ClInclude Include="Core\Keybinds.h">
      <Filter>Core</Filter>
    </ClInclude>
    <ClInclude Include="Render\Hooks.h">
      <Filter>Render</Filter>
    </ClInclude>
    <ClInclude Include="Render\XRSession.h">
      <Filter>Render</Filter>
    </ClInclude>
    <ClInclude Include="Hud\DrawHook.h">
      <Filter>Hud</Filter>
    </ClInclude>
    <ClInclude Include="Camera\CameraHook.h">
      <Filter>Camera</Filter>
    </ClInclude>
    <ClInclude Include="Input\InputHook.h">
      <Filter>Input</Filter>
    </ClInclude>
    <ClInclude Include="Input\Swing.h">
      <Filter>Input</Filter>
    </ClInclude>
    <ClInclude Include="Hands\HandsProbe.h">
      <Filter>Hands</Filter>
    </ClInclude>
    <ClInclude Include="Hands\ArmHide.h">
      <Filter>Hands</Filter>
    </ClInclude>
    <ClInclude Include="Game\GameState.h">
      <Filter>Game</Filter>
    </ClInclude>
    <ClInclude Include="Game\EngineBridge.h">
      <Filter>Game</Filter>
    </ClInclude>
    <ClInclude Include="Game\EngineExec.h">
      <Filter>Game</Filter>
    </ClInclude>
    <ClInclude Include="Game\GameIni.h">
      <Filter>Game</Filter>
    </ClInclude>
  </ItemGroup>
  <ItemGroup>
    <None Include="packages.config" />
    <None Include="$(OpenXRLoaderBinaryRoot)\bin\openxr_loader.dll" />
  </ItemGroup>
</Project>
